
Microsoft Visual Studio Solution File, Format Version 12.00
# Visual Studio Version 16
VisualStudioVersion = 16.0.29509.3
MinimumVisualStudioVersion = 10.0.40219.1
Project("{FAE04EC0-301F-11D3-BF4B-00C04F79EFBC}") = "StudentReg.Web", "StudentReg.Web\StudentReg.Web.csproj", "{A76F543E-BE35-448C-BFE7-3E20E63AF1F1}"
EndProject
Project("{FAE04EC0-301F-11D3-BF4B-00C04F79EFBC}") = "StudentReg.BLL", "StudentReg.BLL\StudentReg.BLL.csproj", "{056AF7E6-CF2B-4128-84A7-554F291024EA}"
EndProject
Project("{FAE04EC0-301F-11D3-BF4B-00C04F79EFBC}") = "StudentReg.Dal", "StudentReg.Dal\StudentReg.Dal.csproj", "{EED51365-9B94-4021-BEF2-CCBD7C0AC781}"
EndProject
Project("{FAE04EC0-301F-11D3-BF4B-00C04F79EFBC}") = "StudentReg.Ent", "StudentReg.Ent\StudentReg.Ent.csproj", "{5B277691-2E2F-43AD-8EF1-A8315BCCF0E9}"
EndProject
Project("{FAE04EC0-301F-11D3-BF4B-00C04F79EFBC}") = "StudentReg.Cmn", "StudentReg.Cmn\StudentReg.Cmn.csproj", "{AF0C9059-589F-48D0-9826-1B9D50E594BB}"
EndProject
Project("{FAE04EC0-301F-11D3-BF4B-00C04F79EFBC}") = "StudentReg.Bell", "StudentReg.Bell\StudentReg.Bell.csproj", "{7DB64DD6-D4AE-46D2-A6E0-7D8BF50FE259}"
EndProject
Global
	GlobalSection(SolutionConfigurationPlatforms) = preSolution
		Debug|Any CPU = Debug|Any CPU
		Release|Any CPU = Release|Any CPU
	EndGlobalSection
	GlobalSection(ProjectConfigurationPlatforms) = postSolution
		{A76F543E-BE35-448C-BFE7-3E20E63AF1F1}.Debug|Any CPU.ActiveCfg = Debug|Any CPU
		{A76F543E-BE35-448C-BFE7-3E20E63AF1F1}.Debug|Any CPU.Build.0 = Debug|Any CPU
		{A76F543E-BE35-448C-BFE7-3E20E63AF1F1}.Release|Any CPU.ActiveCfg = Release|Any CPU
		{A76F543E-BE35-448C-BFE7-3E20E63AF1F1}.Release|Any CPU.Build.0 = Release|Any CPU
		{056AF7E6-CF2B-4128-84A7-554F291024EA}.Debug|Any CPU.ActiveCfg = Debug|Any CPU
		{056AF7E6-CF2B-4128-84A7-554F291024EA}.Debug|Any CPU.Build.0 = Debug|Any CPU
		{056AF7E6-CF2B-4128-84A7-554F291024EA}.Release|Any CPU.ActiveCfg = Release|Any CPU
		{056AF7E6-CF2B-4128-84A7-554F291024EA}.Release|Any CPU.Build.0 = Release|Any CPU
		{EED51365-9B94-4021-BEF2-CCBD7C0AC781}.Debug|Any CPU.ActiveCfg = Debug|Any CPU
		{EED51365-9B94-4021-BEF2-CCBD7C0AC781}.Debug|Any CPU.Build.0 = Debug|Any CPU
		{EED51365-9B94-4021-BEF2-CCBD7C0AC781}.Release|Any CPU.ActiveCfg = Release|Any CPU
		{EED51365-9B94-4021-BEF2-CCBD7C0AC781}.Release|Any CPU.Build.0 = Release|Any CPU
		{5B277691-2E2F-43AD-8EF1-A8315BCCF0E9}.Debug|Any CPU.ActiveCfg = Debug|Any CPU
		{5B277691-2E2F-43AD-8EF1-A8315BCCF0E9}.Debug|Any CPU.Build.0 = Debug|Any CPU
		{5B277691-2E2F-43AD-8EF1-A8315BCCF0E9}.Release|Any CPU.ActiveCfg = Release|Any CPU
		{5B277691-2E2F-43AD-8EF1-A8315BCCF0E9}.Release|Any CPU.Build.0 = Release|Any CPU
		{AF0C9059-589F-48D0-9826-1B9D50E594BB}.Debug|Any CPU.ActiveCfg = Debug|Any CPU
		{AF0C9059-589F-48D0-9826-1B9D50E594BB}.Debug|Any CPU.Build.0 = Debug|Any CPU
		{AF0C9059-589F-48D0-9826-1B9D50E594BB}.Release|Any CPU.ActiveCfg = Release|Any CPU
		{AF0C9059-589F-48D0-9826-1B9D50E594BB}.Release|Any CPU.Build.0 = Release|Any CPU
		{7DB64DD6-D4AE-46D2-A6E0-7D8BF50FE259}.Debug|Any CPU.ActiveCfg = Debug|Any CPU
		{7DB64DD6-D4AE-46D2-A6E0-7D8BF50FE259}.Debug|Any CPU.Build.0 = Debug|Any CPU
		{7DB64DD6-D4AE-46D2-A6E0-7D8BF50FE259}.Release|Any CPU.ActiveCfg = Release|Any CPU
		{7DB64DD6-D4AE-46D2-A6E0-7D8BF50FE259}.Release|Any CPU.Build.0 = Release|Any CPU
	EndGlobalSection
	GlobalSection(SolutionProperties) = preSolution
		HideSolutionNode = FALSE
	EndGlobalSection
	GlobalSection(ExtensibilityGlobals) = postSolution
		SolutionGuid = {0003D953-9868-4591-928E-DC8D77557AAC}
	EndGlobalSection
EndGlobal
